// !$*UTF8*$!
{
	archiveVersion = 1;
	classes = {
	};
	objectVersion = 56;
	objects = {

/* Begin PBXBuildFile section */
		A10000300000000000000008 /* AppIcon.icns in Resources */ = {isa = PBXBuildFile; fileRef = A10001310000000000000008 /* AppIcon.icns */; };
		A10000310000000000000008 /* AppIconSource.png in Resources */ = {isa = PBXBuildFile; fileRef = A10001320000000000000008 /* AppIconSource.png */; };
		A10000320000000000000008 /* TrayIconActive.png in Resources */ = {isa = PBXBuildFile; fileRef = A10001350000000000000008 /* TrayIconActive.png */; };
		A10000330000000000000008 /* TrayIconBlocked.png in Resources */ = {isa = PBXBuildFile; fileRef = A10001360000000000000008 /* TrayIconBlocked.png */; };
		A10000340000000000000009 /* Localizable.strings in Resources */ = {isa = PBXBuildFile; fileRef = A10001390000000000000009 /* Localizable.strings */; };
		A10000010000000000000001 /* AppDelegate.swift in Sources */ = {isa = PBXBuildFile; fileRef = A10001010000000000000001 /* AppDelegate.swift */; };
		A100000B0000000000000008 /* SessionActionExecutor.swift in Sources */ = {isa = PBXBuildFile; fileRef = A10001340000000000000008 /* SessionActionExecutor.swift */; };
		A100000A0000000000000008 /* AppIconImage.swift in Sources */ = {isa = PBXBuildFile; fileRef = A10001330000000000000008 /* AppIconImage.swift */; };
		A10000020000000000000001 /* DiagnosticsStore.swift in Sources */ = {isa = PBXBuildFile; fileRef = A10001020000000000000001 /* DiagnosticsStore.swift */; };
		A10000030000000000000001 /* DiagnosticsView.swift in Sources */ = {isa = PBXBuildFile; fileRef = A10001030000000000000001 /* DiagnosticsView.swift */; };
		A10000040000000000000001 /* FamilyRulesAgentApp.swift in Sources */ = {isa = PBXBuildFile; fileRef = A10001040000000000000001 /* FamilyRulesAgentApp.swift */; };
		A10000050000000000000001 /* HelperXPCClient.swift in Sources */ = {isa = PBXBuildFile; fileRef = A10001050000000000000001 /* HelperXPCClient.swift */; };
		A10000060000000000000001 /* FamilyRulesHelperXPCProtocol.swift in Sources */ = {isa = PBXBuildFile; fileRef = A10001060000000000000001 /* FamilyRulesHelperXPCProtocol.swift */; };
		A10000070000000000000001 /* main.swift in Sources */ = {isa = PBXBuildFile; fileRef = A10001070000000000000001 /* main.swift */; };
		A10000080000000000000001 /* FamilyRulesHelperXPCProtocol.swift in Sources */ = {isa = PBXBuildFile; fileRef = A10001060000000000000001 /* FamilyRulesHelperXPCProtocol.swift */; };
		A10000090000000000000002 /* AppModel.swift in Sources */ = {isa = PBXBuildFile; fileRef = A10001090000000000000002 /* AppModel.swift */; };
		A10000100000000000000002 /* RegistrationClient.swift in Sources */ = {isa = PBXBuildFile; fileRef = A10001100000000000000002 /* RegistrationClient.swift */; };
		A10000110000000000000002 /* RegistrationStore.swift in Sources */ = {isa = PBXBuildFile; fileRef = A10001110000000000000002 /* RegistrationStore.swift */; };
		A10000120000000000000002 /* SetupView.swift in Sources */ = {isa = PBXBuildFile; fileRef = A10001120000000000000002 /* SetupView.swift */; };
		A10000130000000000000002 /* AppModelTests.swift in Sources */ = {isa = PBXBuildFile; fileRef = A10001130000000000000002 /* AppModelTests.swift */; };
		A10000140000000000000002 /* RegistrationClientTests.swift in Sources */ = {isa = PBXBuildFile; fileRef = A10001140000000000000002 /* RegistrationClientTests.swift */; };
		A10000150000000000000002 /* FamilyRulesAgent.app in Frameworks */ = {isa = PBXBuildFile; fileRef = A10002010000000000000001 /* FamilyRulesAgent.app */; };
		A10000160000000000000003 /* ActivityMonitor.swift in Sources */ = {isa = PBXBuildFile; fileRef = A10001150000000000000003 /* ActivityMonitor.swift */; };
		A10000170000000000000003 /* ServerSyncClient.swift in Sources */ = {isa = PBXBuildFile; fileRef = A10001160000000000000003 /* ServerSyncClient.swift */; };
		A10000180000000000000003 /* SyncController.swift in Sources */ = {isa = PBXBuildFile; fileRef = A10001170000000000000003 /* SyncController.swift */; };
		A10000190000000000000003 /* UsageAccumulatorTests.swift in Sources */ = {isa = PBXBuildFile; fileRef = A10001180000000000000003 /* UsageAccumulatorTests.swift */; };
		A10000200000000000000003 /* ServerSyncClientTests.swift in Sources */ = {isa = PBXBuildFile; fileRef = A10001190000000000000003 /* ServerSyncClientTests.swift */; };
		A10000210000000000000003 /* SyncControllerTests.swift in Sources */ = {isa = PBXBuildFile; fileRef = A10001200000000000000003 /* SyncControllerTests.swift */; };
		A10000220000000000000004 /* DashboardView.swift in Sources */ = {isa = PBXBuildFile; fileRef = A10001230000000000000004 /* DashboardView.swift */; };
		A10000230000000000000005 /* LifecycleController.swift in Sources */ = {isa = PBXBuildFile; fileRef = A10001240000000000000005 /* LifecycleController.swift */; };
		A10000240000000000000005 /* LifecycleControllerTests.swift in Sources */ = {isa = PBXBuildFile; fileRef = A10001250000000000000005 /* LifecycleControllerTests.swift */; };
		A10000250000000000000006 /* DeviceStateController.swift in Sources */ = {isa = PBXBuildFile; fileRef = A10001260000000000000006 /* DeviceStateController.swift */; };
		A10000260000000000000006 /* StateOverlayView.swift in Sources */ = {isa = PBXBuildFile; fileRef = A10001270000000000000006 /* StateOverlayView.swift */; };
		A10000270000000000000006 /* DeviceStateControllerTests.swift in Sources */ = {isa = PBXBuildFile; fileRef = A10001280000000000000006 /* DeviceStateControllerTests.swift */; };
		A10000280000000000000007 /* AllDevicesView.swift in Sources */ = {isa = PBXBuildFile; fileRef = A10001290000000000000007 /* AllDevicesView.swift */; };
		A10000290000000000000007 /* AllDevicesModelTests.swift in Sources */ = {isa = PBXBuildFile; fileRef = A10001300000000000000007 /* AllDevicesModelTests.swift */; };
		A100002A0000000000000009 /* Localization.swift in Sources */ = {isa = PBXBuildFile; fileRef = A10001370000000000000009 /* Localization.swift */; };
/* End PBXBuildFile section */

/* Begin PBXContainerItemProxy section */
		A10003010000000000000001 /* PBXContainerItemProxy */ = {
			isa = PBXContainerItemProxy;
			containerPortal = A10004010000000000000001 /* Project object */;
			proxyType = 1;
			remoteGlobalIDString = A10005020000000000000001;
			remoteInfo = FamilyRulesHelper;
		};
		A10003020000000000000002 /* PBXContainerItemProxy */ = {
			isa = PBXContainerItemProxy;
			containerPortal = A10004010000000000000001 /* Project object */;
			proxyType = 1;
			remoteGlobalIDString = A10005010000000000000001;
			remoteInfo = FamilyRulesAgent;
		};
/* End PBXContainerItemProxy section */

/* Begin PBXFileReference section */
		A10001010000000000000001 /* AppDelegate.swift */ = {isa = PBXFileReference; lastKnownFileType = sourcecode.swift; path = AppDelegate.swift; sourceTree = "<group>"; };
		A10001020000000000000001 /* DiagnosticsStore.swift */ = {isa = PBXFileReference; lastKnownFileType = sourcecode.swift; path = DiagnosticsStore.swift; sourceTree = "<group>"; };
		A10001030000000000000001 /* DiagnosticsView.swift */ = {isa = PBXFileReference; lastKnownFileType = sourcecode.swift; path = DiagnosticsView.swift; sourceTree = "<group>"; };
		A10001040000000000000001 /* FamilyRulesAgentApp.swift */ = {isa = PBXFileReference; lastKnownFileType = sourcecode.swift; path = FamilyRulesAgentApp.swift; sourceTree = "<group>"; };
		A10001050000000000000001 /* HelperXPCClient.swift */ = {isa = PBXFileReference; lastKnownFileType = sourcecode.swift; path = HelperXPCClient.swift; sourceTree = "<group>"; };
		A10001060000000000000001 /* FamilyRulesHelperXPCProtocol.swift */ = {isa = PBXFileReference; lastKnownFileType = sourcecode.swift; path = FamilyRulesHelperXPCProtocol.swift; sourceTree = "<group>"; };
		A10001070000000000000001 /* main.swift */ = {isa = PBXFileReference; lastKnownFileType = sourcecode.swift; path = main.swift; sourceTree = "<group>"; };
		A10001080000000000000001 /* FamilyRulesAgent-Info.plist */ = {isa = PBXFileReference; lastKnownFileType = text.plist.xml; path = "FamilyRulesAgent-Info.plist"; sourceTree = "<group>"; };
		A10001090000000000000001 /* FamilyRulesHelper-Info.plist */ = {isa = PBXFileReference; lastKnownFileType = text.plist.xml; path = "FamilyRulesHelper-Info.plist"; sourceTree = "<group>"; };
		A10001090000000000000002 /* AppModel.swift */ = {isa = PBXFileReference; lastKnownFileType = sourcecode.swift; path = AppModel.swift; sourceTree = "<group>"; };
		A10001100000000000000001 /* FamilyRulesAgent.entitlements */ = {isa = PBXFileReference; lastKnownFileType = text.plist.entitlements; path = FamilyRulesAgent.entitlements; sourceTree = "<group>"; };
		A10001100000000000000002 /* RegistrationClient.swift */ = {isa = PBXFileReference; lastKnownFileType = sourcecode.swift; path = RegistrationClient.swift; sourceTree = "<group>"; };
		A10001110000000000000001 /* FamilyRulesHelper.entitlements */ = {isa = PBXFileReference; lastKnownFileType = text.plist.entitlements; path = FamilyRulesHelper.entitlements; sourceTree = "<group>"; };
		A10001110000000000000002 /* RegistrationStore.swift */ = {isa = PBXFileReference; lastKnownFileType = sourcecode.swift; path = RegistrationStore.swift; sourceTree = "<group>"; };
		A10001120000000000000002 /* SetupView.swift */ = {isa = PBXFileReference; lastKnownFileType = sourcecode.swift; path = SetupView.swift; sourceTree = "<group>"; };
		A10001130000000000000002 /* AppModelTests.swift */ = {isa = PBXFileReference; lastKnownFileType = sourcecode.swift; path = AppModelTests.swift; sourceTree = "<group>"; };
		A10001140000000000000002 /* RegistrationClientTests.swift */ = {isa = PBXFileReference; lastKnownFileType = sourcecode.swift; path = RegistrationClientTests.swift; sourceTree = "<group>"; };
		A10001150000000000000003 /* ActivityMonitor.swift */ = {isa = PBXFileReference; lastKnownFileType = sourcecode.swift; path = ActivityMonitor.swift; sourceTree = "<group>"; };
		A10001160000000000000003 /* ServerSyncClient.swift */ = {isa = PBXFileReference; lastKnownFileType = sourcecode.swift; path = ServerSyncClient.swift; sourceTree = "<group>"; };
		A10001170000000000000003 /* SyncController.swift */ = {isa = PBXFileReference; lastKnownFileType = sourcecode.swift; path = SyncController.swift; sourceTree = "<group>"; };
		A10001180000000000000003 /* UsageAccumulatorTests.swift */ = {isa = PBXFileReference; lastKnownFileType = sourcecode.swift; path = UsageAccumulatorTests.swift; sourceTree = "<group>"; };
		A10001190000000000000003 /* ServerSyncClientTests.swift */ = {isa = PBXFileReference; lastKnownFileType = sourcecode.swift; path = ServerSyncClientTests.swift; sourceTree = "<group>"; };
		A10001200000000000000003 /* SyncControllerTests.swift */ = {isa = PBXFileReference; lastKnownFileType = sourcecode.swift; path = SyncControllerTests.swift; sourceTree = "<group>"; };
		A10001210000000000000004 /* README.md */ = {isa = PBXFileReference; lastKnownFileType = net.daringfireball.markdown; path = README.md; sourceTree = "<group>"; };
		A10001230000000000000004 /* DashboardView.swift */ = {isa = PBXFileReference; lastKnownFileType = sourcecode.swift; path = DashboardView.swift; sourceTree = "<group>"; };
		A10001240000000000000005 /* LifecycleController.swift */ = {isa = PBXFileReference; lastKnownFileType = sourcecode.swift; path = LifecycleController.swift; sourceTree = "<group>"; };
		A10001250000000000000005 /* LifecycleControllerTests.swift */ = {isa = PBXFileReference; lastKnownFileType = sourcecode.swift; path = LifecycleControllerTests.swift; sourceTree = "<group>"; };
		A10001260000000000000006 /* DeviceStateController.swift */ = {isa = PBXFileReference; lastKnownFileType = sourcecode.swift; path = DeviceStateController.swift; sourceTree = "<group>"; };
		A10001270000000000000006 /* StateOverlayView.swift */ = {isa = PBXFileReference; lastKnownFileType = sourcecode.swift; path = StateOverlayView.swift; sourceTree = "<group>"; };
		A10001280000000000000006 /* DeviceStateControllerTests.swift */ = {isa = PBXFileReference; lastKnownFileType = sourcecode.swift; path = DeviceStateControllerTests.swift; sourceTree = "<group>"; };
		A10001290000000000000007 /* AllDevicesView.swift */ = {isa = PBXFileReference; lastKnownFileType = sourcecode.swift; path = AllDevicesView.swift; sourceTree = "<group>"; };
		A10001300000000000000007 /* AllDevicesModelTests.swift */ = {isa = PBXFileReference; lastKnownFileType = sourcecode.swift; path = AllDevicesModelTests.swift; sourceTree = "<group>"; };
		A10001330000000000000008 /* AppIconImage.swift */ = {isa = PBXFileReference; lastKnownFileType = sourcecode.swift; path = AppIconImage.swift; sourceTree = "<group>"; };
		A10001340000000000000008 /* SessionActionExecutor.swift */ = {isa = PBXFileReference; lastKnownFileType = sourcecode.swift; path = SessionActionExecutor.swift; sourceTree = "<group>"; };
		A10001310000000000000008 /* AppIcon.icns */ = {isa = PBXFileReference; lastKnownFileType = image.icns; path = AppIcon.icns; sourceTree = "<group>"; };
		A10001320000000000000008 /* AppIconSource.png */ = {isa = PBXFileReference; lastKnownFileType = image.png; path = AppIconSource.png; sourceTree = "<group>"; };
		A10001370000000000000009 /* Localization.swift */ = {isa = PBXFileReference; lastKnownFileType = sourcecode.swift; path = Localization.swift; sourceTree = "<group>"; };
		A10001380000000000000009 /* en */ = {isa = PBXFileReference; lastKnownFileType = text.plist.strings; name = en; path = en.lproj/Localizable.strings; sourceTree = "<group>"; };
		A10001390000000000000009 /* Localizable.strings */ = {isa = PBXVariantGroup; children = (A10001380000000000000009 /* en */, A100013A0000000000000009 /* pl */, ); name = Localizable.strings; sourceTree = "<group>"; };
		A100013A0000000000000009 /* pl */ = {isa = PBXFileReference; lastKnownFileType = text.plist.strings; name = pl; path = pl.lproj/Localizable.strings; sourceTree = "<group>"; };
		A10001350000000000000008 /* TrayIconActive.png */ = {isa = PBXFileReference; lastKnownFileType = image.png; path = TrayIconActive.png; sourceTree = "<group>"; };
		A10001360000000000000008 /* TrayIconBlocked.png */ = {isa = PBXFileReference; lastKnownFileType = image.png; path = TrayIconBlocked.png; sourceTree = "<group>"; };
		A10002010000000000000001 /* FamilyRulesAgent.app */ = {isa = PBXFileReference; explicitFileType = wrapper.application; includeInIndex = 0; path = FamilyRulesAgent.app; sourceTree = BUILT_PRODUCTS_DIR; };
		A10002020000000000000001 /* FamilyRulesHelper.xpc */ = {isa = PBXFileReference; explicitFileType = "wrapper.xpc-service"; includeInIndex = 0; path = FamilyRulesHelper.xpc; sourceTree = BUILT_PRODUCTS_DIR; };
		A10002030000000000000002 /* FamilyRulesAgentTests.xctest */ = {isa = PBXFileReference; explicitFileType = wrapper.cfbundle; includeInIndex = 0; path = FamilyRulesAgentTests.xctest; sourceTree = BUILT_PRODUCTS_DIR; };
		B5B60BCA2FAF8BD000C1AD99 /* 000-SPEC.md */ = {isa = PBXFileReference; lastKnownFileType = net.daringfireball.markdown; path = "000-SPEC.md"; sourceTree = "<group>"; };
		B5B60BCB2FAF8BE900C1AD99 /* 001.md */ = {isa = PBXFileReference; lastKnownFileType = net.daringfireball.markdown; path = 001.md; sourceTree = "<group>"; };
		B5B60BCC2FAF997400C1AD99 /* 002.md */ = {isa = PBXFileReference; lastKnownFileType = net.daringfireball.markdown; path = 002.md; sourceTree = "<group>"; };
/* End PBXFileReference section */

/* Begin PBXFrameworksBuildPhase section */
		A10007010000000000000001 /* Frameworks */ = {
			isa = PBXFrameworksBuildPhase;
			buildActionMask = 2147483647;
			files = (
			);
			runOnlyForDeploymentPostprocessing = 0;
		};
		A10007020000000000000001 /* Frameworks */ = {
			isa = PBXFrameworksBuildPhase;
			buildActionMask = 2147483647;
			files = (
			);
			runOnlyForDeploymentPostprocessing = 0;
		};
		A10007030000000000000002 /* Frameworks */ = {
			isa = PBXFrameworksBuildPhase;
			buildActionMask = 2147483647;
			files = (
				A10000150000000000000002 /* FamilyRulesAgent.app in Frameworks */,
			);
			runOnlyForDeploymentPostprocessing = 0;
		};
/* End PBXFrameworksBuildPhase section */

/* Begin PBXGroup section */
		A10008010000000000000001 = {
			isa = PBXGroup;
			children = (
				A10008080000000000000004 /* Docs */,
				A10008020000000000000001 /* FamilyRulesAgent */,
				A10008030000000000000001 /* FamilyRulesHelper */,
				A10008070000000000000002 /* FamilyRulesAgentTests */,
				A10008040000000000000001 /* Shared */,
				A10008050000000000000001 /* Config */,
				A10008060000000000000001 /* Products */,
			);
			sourceTree = "<group>";
		};
		A10008020000000000000001 /* FamilyRulesAgent */ = {
			isa = PBXGroup;
			children = (
				A10008090000000000000008 /* Resources */,
				A10001150000000000000003 /* ActivityMonitor.swift */,
				A10001290000000000000007 /* AllDevicesView.swift */,
				A10001330000000000000008 /* AppIconImage.swift */,
				A10001090000000000000002 /* AppModel.swift */,
				A10001010000000000000001 /* AppDelegate.swift */,
				A10001230000000000000004 /* DashboardView.swift */,
				A10001260000000000000006 /* DeviceStateController.swift */,
				A10001020000000000000001 /* DiagnosticsStore.swift */,
				A10001030000000000000001 /* DiagnosticsView.swift */,
				A10001040000000000000001 /* FamilyRulesAgentApp.swift */,
				A10001050000000000000001 /* HelperXPCClient.swift */,
				A10001240000000000000005 /* LifecycleController.swift */,
				A10001370000000000000009 /* Localization.swift */,
				A10001100000000000000002 /* RegistrationClient.swift */,
				A10001340000000000000008 /* SessionActionExecutor.swift */,
				A10001110000000000000002 /* RegistrationStore.swift */,
				A10001160000000000000003 /* ServerSyncClient.swift */,
				A10001120000000000000002 /* SetupView.swift */,
				A10001270000000000000006 /* StateOverlayView.swift */,
				A10001170000000000000003 /* SyncController.swift */,
			);
			path = FamilyRulesAgent;
			sourceTree = "<group>";
		};
		A10008090000000000000008 /* Resources */ = {
			isa = PBXGroup;
			children = (
				A10001310000000000000008 /* AppIcon.icns */,
				A10001320000000000000008 /* AppIconSource.png */,
				A10001390000000000000009 /* Localizable.strings */,
				A10001350000000000000008 /* TrayIconActive.png */,
				A10001360000000000000008 /* TrayIconBlocked.png */,
			);
			path = Resources;
			sourceTree = "<group>";
		};
		A10008030000000000000001 /* FamilyRulesHelper */ = {
			isa = PBXGroup;
			children = (
				A10001070000000000000001 /* main.swift */,
			);
			path = FamilyRulesHelper;
			sourceTree = "<group>";
		};
		A10008040000000000000001 /* Shared */ = {
			isa = PBXGroup;
			children = (
				A10001060000000000000001 /* FamilyRulesHelperXPCProtocol.swift */,
			);
			path = Shared;
			sourceTree = "<group>";
		};
		A10008050000000000000001 /* Config */ = {
			isa = PBXGroup;
			children = (
				A10001080000000000000001 /* FamilyRulesAgent-Info.plist */,
				A10001090000000000000001 /* FamilyRulesHelper-Info.plist */,
				A10001100000000000000001 /* FamilyRulesAgent.entitlements */,
				A10001110000000000000001 /* FamilyRulesHelper.entitlements */,
			);
			path = Config;
			sourceTree = "<group>";
		};
		A10008060000000000000001 /* Products */ = {
			isa = PBXGroup;
			children = (
				A10002010000000000000001 /* FamilyRulesAgent.app */,
				A10002020000000000000001 /* FamilyRulesHelper.xpc */,
				A10002030000000000000002 /* FamilyRulesAgentTests.xctest */,
			);
			name = Products;
			sourceTree = "<group>";
		};
		A10008070000000000000002 /* FamilyRulesAgentTests */ = {
			isa = PBXGroup;
			children = (
				A10001300000000000000007 /* AllDevicesModelTests.swift */,
				A10001130000000000000002 /* AppModelTests.swift */,
				A10001280000000000000006 /* DeviceStateControllerTests.swift */,
				A10001250000000000000005 /* LifecycleControllerTests.swift */,
				A10001140000000000000002 /* RegistrationClientTests.swift */,
				A10001190000000000000003 /* ServerSyncClientTests.swift */,
				A10001200000000000000003 /* SyncControllerTests.swift */,
				A10001180000000000000003 /* UsageAccumulatorTests.swift */,
			);
			path = FamilyRulesAgentTests;
			sourceTree = "<group>";
		};
		A10008080000000000000004 /* Docs */ = {
			isa = PBXGroup;
			children = (
				B5B60BCC2FAF997400C1AD99 /* 002.md */,
				B5B60BCB2FAF8BE900C1AD99 /* 001.md */,
				A10001210000000000000004 /* README.md */,
				B5B60BCA2FAF8BD000C1AD99 /* 000-SPEC.md */,
			);
			path = Docs;
			sourceTree = "<group>";
		};
/* End PBXGroup section */

/* Begin PBXNativeTarget section */
		A10005010000000000000001 /* FamilyRulesAgent */ = {
			isa = PBXNativeTarget;
			buildConfigurationList = A10010010000000000000001 /* Build configuration list for PBXNativeTarget "FamilyRulesAgent" */;
			buildPhases = (
				A10009010000000000000001 /* Sources */,
				A10007010000000000000001 /* Frameworks */,
				A10011010000000000000001 /* Resources */,
				A10015010000000000000001 /* Embed XPC Service Script */,
			);
			buildRules = (
			);
			dependencies = (
				A10012010000000000000001 /* PBXTargetDependency */,
			);
			name = FamilyRulesAgent;
			productName = FamilyRulesAgent;
			productReference = A10002010000000000000001 /* FamilyRulesAgent.app */;
			productType = "com.apple.product-type.application";
		};
		A10005020000000000000001 /* FamilyRulesHelper */ = {
			isa = PBXNativeTarget;
			buildConfigurationList = A10010020000000000000001 /* Build configuration list for PBXNativeTarget "FamilyRulesHelper" */;
			buildPhases = (
				A10009020000000000000001 /* Sources */,
				A10007020000000000000001 /* Frameworks */,
				A10011020000000000000001 /* Resources */,
			);
			buildRules = (
			);
			dependencies = (
			);
			name = FamilyRulesHelper;
			productName = FamilyRulesHelper;
			productReference = A10002020000000000000001 /* FamilyRulesHelper.xpc */;
			productType = "com.apple.product-type.xpc-service";
		};
		A10005030000000000000002 /* FamilyRulesAgentTests */ = {
			isa = PBXNativeTarget;
			buildConfigurationList = A10010030000000000000002 /* Build configuration list for PBXNativeTarget "FamilyRulesAgentTests" */;
			buildPhases = (
				A10009030000000000000002 /* Sources */,
				A10007030000000000000002 /* Frameworks */,
				A10011030000000000000002 /* Resources */,
			);
			buildRules = (
			);
			dependencies = (
				A10012020000000000000002 /* PBXTargetDependency */,
			);
			name = FamilyRulesAgentTests;
			productName = FamilyRulesAgentTests;
			productReference = A10002030000000000000002 /* FamilyRulesAgentTests.xctest */;
			productType = "com.apple.product-type.bundle.unit-test";
		};
/* End PBXNativeTarget section */

/* Begin PBXProject section */
		A10004010000000000000001 /* Project object */ = {
			isa = PBXProject;
			attributes = {
				BuildIndependentTargetsInParallel = 1;
				LastSwiftUpdateCheck = 1600;
				LastUpgradeCheck = 1600;
				TargetAttributes = {
					A10005010000000000000001 = {
						CreatedOnToolsVersion = 16.0;
					};
					A10005020000000000000001 = {
						CreatedOnToolsVersion = 16.0;
					};
				};
			};
			buildConfigurationList = A10013010000000000000001 /* Build configuration list for PBXProject "FamilyRulesClient" */;
			compatibilityVersion = "Xcode 14.0";
			developmentRegion = en;
			hasScannedForEncodings = 0;
			knownRegions = (
				en,
				Base,
				pl,
			);
			mainGroup = A10008010000000000000001;
			productRefGroup = A10008060000000000000001 /* Products */;
			projectDirPath = "";
			projectRoot = "";
			targets = (
				A10005010000000000000001 /* FamilyRulesAgent */,
				A10005020000000000000001 /* FamilyRulesHelper */,
				A10005030000000000000002 /* FamilyRulesAgentTests */,
			);
		};
/* End PBXProject section */

/* Begin PBXResourcesBuildPhase section */
		A10011010000000000000001 /* Resources */ = {
			isa = PBXResourcesBuildPhase;
			buildActionMask = 2147483647;
			files = (
				A10000300000000000000008 /* AppIcon.icns in Resources */,
				A10000310000000000000008 /* AppIconSource.png in Resources */,
				A10000340000000000000009 /* Localizable.strings in Resources */,
				A10000320000000000000008 /* TrayIconActive.png in Resources */,
				A10000330000000000000008 /* TrayIconBlocked.png in Resources */,
			);
			runOnlyForDeploymentPostprocessing = 0;
		};
		A10011020000000000000001 /* Resources */ = {
			isa = PBXResourcesBuildPhase;
			buildActionMask = 2147483647;
			files = (
			);
			runOnlyForDeploymentPostprocessing = 0;
		};
		A10011030000000000000002 /* Resources */ = {
			isa = PBXResourcesBuildPhase;
			buildActionMask = 2147483647;
			files = (
			);
			runOnlyForDeploymentPostprocessing = 0;
		};
/* End PBXResourcesBuildPhase section */

/* Begin PBXShellScriptBuildPhase section */
		A10015010000000000000001 /* Embed XPC Service Script */ = {
			isa = PBXShellScriptBuildPhase;
			buildActionMask = 2147483647;
			files = (
			);
			inputFileListPaths = (
			);
			inputPaths = (
				"$(BUILT_PRODUCTS_DIR)/FamilyRulesHelper.xpc",
			);
			name = "Embed XPC Service Script";
			outputFileListPaths = (
			);
			outputPaths = (
				"$(TARGET_BUILD_DIR)/$(CONTENTS_FOLDER_PATH)/XPCServices/FamilyRulesHelper.xpc",
			);
			runOnlyForDeploymentPostprocessing = 0;
			shellPath = /bin/sh;
			shellScript = "set -e\nrm -rf \"$TARGET_BUILD_DIR/$CONTENTS_FOLDER_PATH/XPCServices/FamilyRulesHelper.xpc\"\nmkdir -p \"$TARGET_BUILD_DIR/$CONTENTS_FOLDER_PATH/XPCServices\"\ncp -R \"$BUILT_PRODUCTS_DIR/FamilyRulesHelper.xpc\" \"$TARGET_BUILD_DIR/$CONTENTS_FOLDER_PATH/XPCServices/FamilyRulesHelper.xpc\"\n";
			showEnvVarsInLog = 0;
		};
/* End PBXShellScriptBuildPhase section */

/* Begin PBXSourcesBuildPhase section */
		A10009010000000000000001 /* Sources */ = {
			isa = PBXSourcesBuildPhase;
			buildActionMask = 2147483647;
			files = (
				A10000160000000000000003 /* ActivityMonitor.swift in Sources */,
				A10000280000000000000007 /* AllDevicesView.swift in Sources */,
				A100000A0000000000000008 /* AppIconImage.swift in Sources */,
				A10000090000000000000002 /* AppModel.swift in Sources */,
				A10000010000000000000001 /* AppDelegate.swift in Sources */,
				A10000220000000000000004 /* DashboardView.swift in Sources */,
				A10000250000000000000006 /* DeviceStateController.swift in Sources */,
				A10000020000000000000001 /* DiagnosticsStore.swift in Sources */,
				A10000030000000000000001 /* DiagnosticsView.swift in Sources */,
				A10000040000000000000001 /* FamilyRulesAgentApp.swift in Sources */,
				A10000050000000000000001 /* HelperXPCClient.swift in Sources */,
				A10000230000000000000005 /* LifecycleController.swift in Sources */,
				A100002A0000000000000009 /* Localization.swift in Sources */,
				A10000060000000000000001 /* FamilyRulesHelperXPCProtocol.swift in Sources */,
				A10000100000000000000002 /* RegistrationClient.swift in Sources */,
				A100000B0000000000000008 /* SessionActionExecutor.swift in Sources */,
				A10000110000000000000002 /* RegistrationStore.swift in Sources */,
				A10000170000000000000003 /* ServerSyncClient.swift in Sources */,
				A10000120000000000000002 /* SetupView.swift in Sources */,
				A10000260000000000000006 /* StateOverlayView.swift in Sources */,
				A10000180000000000000003 /* SyncController.swift in Sources */,
			);
			runOnlyForDeploymentPostprocessing = 0;
		};
		A10009020000000000000001 /* Sources */ = {
			isa = PBXSourcesBuildPhase;
			buildActionMask = 2147483647;
			files = (
				A10000070000000000000001 /* main.swift in Sources */,
				A10000080000000000000001 /* FamilyRulesHelperXPCProtocol.swift in Sources */,
			);
			runOnlyForDeploymentPostprocessing = 0;
		};
		A10009030000000000000002 /* Sources */ = {
			isa = PBXSourcesBuildPhase;
			buildActionMask = 2147483647;
			files = (
				A10000290000000000000007 /* AllDevicesModelTests.swift in Sources */,
				A10000130000000000000002 /* AppModelTests.swift in Sources */,
				A10000270000000000000006 /* DeviceStateControllerTests.swift in Sources */,
				A10000240000000000000005 /* LifecycleControllerTests.swift in Sources */,
				A10000140000000000000002 /* RegistrationClientTests.swift in Sources */,
				A10000200000000000000003 /* ServerSyncClientTests.swift in Sources */,
				A10000210000000000000003 /* SyncControllerTests.swift in Sources */,
				A10000190000000000000003 /* UsageAccumulatorTests.swift in Sources */,
			);
			runOnlyForDeploymentPostprocessing = 0;
		};
/* End PBXSourcesBuildPhase section */

/* Begin PBXTargetDependency section */
		A10012010000000000000001 /* PBXTargetDependency */ = {
			isa = PBXTargetDependency;
			target = A10005020000000000000001 /* FamilyRulesHelper */;
			targetProxy = A10003010000000000000001 /* PBXContainerItemProxy */;
		};
		A10012020000000000000002 /* PBXTargetDependency */ = {
			isa = PBXTargetDependency;
			target = A10005010000000000000001 /* FamilyRulesAgent */;
			targetProxy = A10003020000000000000002 /* PBXContainerItemProxy */;
		};
/* End PBXTargetDependency section */

/* Begin XCBuildConfiguration section */
		A10014010000000000000001 /* Debug */ = {
			isa = XCBuildConfiguration;
			buildSettings = {
				ALWAYS_SEARCH_USER_PATHS = NO;
				CLANG_ENABLE_MODULES = YES;
				CLANG_ENABLE_OBJC_ARC = YES;
				CLANG_WARN_DOCUMENTATION_COMMENTS = YES;
				CLANG_WARN_QUOTED_INCLUDE_IN_FRAMEWORK_HEADER = YES;
				CLANG_WARN_UNGUARDED_AVAILABILITY = YES_AGGRESSIVE;
				COPY_PHASE_STRIP = NO;
				DEBUG_INFORMATION_FORMAT = dwarf;
				ENABLE_STRICT_OBJC_MSGSEND = YES;
				ENABLE_TESTABILITY = YES;
				GCC_C_LANGUAGE_STANDARD = gnu17;
				GCC_NO_COMMON_BLOCKS = YES;
				GCC_OPTIMIZATION_LEVEL = 0;
				MACOSX_DEPLOYMENT_TARGET = 13.0;
				ONLY_ACTIVE_ARCH = YES;
				SDKROOT = macosx;
				SWIFT_ACTIVE_COMPILATION_CONDITIONS = DEBUG;
				SWIFT_VERSION = 6.0;
			};
			name = Debug;
		};
		A10014020000000000000001 /* Release */ = {
			isa = XCBuildConfiguration;
			buildSettings = {
				ALWAYS_SEARCH_USER_PATHS = NO;
				CLANG_ENABLE_MODULES = YES;
				CLANG_ENABLE_OBJC_ARC = YES;
				CLANG_WARN_DOCUMENTATION_COMMENTS = YES;
				CLANG_WARN_QUOTED_INCLUDE_IN_FRAMEWORK_HEADER = YES;
				CLANG_WARN_UNGUARDED_AVAILABILITY = YES_AGGRESSIVE;
				COPY_PHASE_STRIP = NO;
				DEBUG_INFORMATION_FORMAT = "dwarf-with-dsym";
				ENABLE_NS_ASSERTIONS = NO;
				ENABLE_STRICT_OBJC_MSGSEND = YES;
				GCC_C_LANGUAGE_STANDARD = gnu17;
				GCC_NO_COMMON_BLOCKS = YES;
				MACOSX_DEPLOYMENT_TARGET = 13.0;
				SDKROOT = macosx;
				SWIFT_COMPILATION_MODE = wholemodule;
				SWIFT_VERSION = 6.0;
			};
			name = Release;
		};
		A10014030000000000000001 /* Debug */ = {
			isa = XCBuildConfiguration;
			buildSettings = {
				ASSETCATALOG_COMPILER_APPICON_NAME = AppIcon;
				CODE_SIGN_ENTITLEMENTS = Config/FamilyRulesAgent.entitlements;
				CODE_SIGN_IDENTITY = "Apple Development";
				CODE_SIGN_STYLE = Automatic;
				CURRENT_PROJECT_VERSION = 1;
				DEVELOPMENT_TEAM = 8QMDCQHY5B;
				ENABLE_HARDENED_RUNTIME = YES;
				GENERATE_INFOPLIST_FILE = NO;
				INFOPLIST_FILE = "Config/FamilyRulesAgent-Info.plist";
				LD_RUNPATH_SEARCH_PATHS = (
					"$(inherited)",
					"@executable_path/../Frameworks",
				);
				MARKETING_VERSION = 0.1.0;
				OTHER_LDFLAGS = (
					"$(inherited)",
					"-lsqlite3",
				);
				PRODUCT_BUNDLE_IDENTIFIER = com.familyrules.agent;
				PRODUCT_NAME = FamilyRulesAgent;
				PROVISIONING_PROFILE_SPECIFIER = "";
				SKIP_INSTALL = NO;
				SWIFT_EMIT_LOC_STRINGS = YES;
			};
			name = Debug;
		};
		A10014040000000000000001 /* Release */ = {
			isa = XCBuildConfiguration;
			buildSettings = {
				ASSETCATALOG_COMPILER_APPICON_NAME = AppIcon;
				CODE_SIGN_ENTITLEMENTS = Config/FamilyRulesAgent.entitlements;
				CODE_SIGN_IDENTITY = "Apple Development";
				CODE_SIGN_STYLE = Automatic;
				CURRENT_PROJECT_VERSION = 1;
				DEVELOPMENT_TEAM = 8QMDCQHY5B;
				ENABLE_HARDENED_RUNTIME = YES;
				GENERATE_INFOPLIST_FILE = NO;
				INFOPLIST_FILE = "Config/FamilyRulesAgent-Info.plist";
				LD_RUNPATH_SEARCH_PATHS = (
					"$(inherited)",
					"@executable_path/../Frameworks",
				);
				MARKETING_VERSION = 0.1.0;
				OTHER_LDFLAGS = (
					"$(inherited)",
					"-lsqlite3",
				);
				PRODUCT_BUNDLE_IDENTIFIER = com.familyrules.agent;
				PRODUCT_NAME = FamilyRulesAgent;
				PROVISIONING_PROFILE_SPECIFIER = "";
				SKIP_INSTALL = NO;
				SWIFT_EMIT_LOC_STRINGS = YES;
			};
			name = Release;
		};
		A10014050000000000000001 /* Debug */ = {
			isa = XCBuildConfiguration;
			buildSettings = {
				CODE_SIGN_ENTITLEMENTS = Config/FamilyRulesHelper.entitlements;
				CODE_SIGN_IDENTITY = "Apple Development";
				CODE_SIGN_STYLE = Automatic;
				CURRENT_PROJECT_VERSION = 1;
				DEVELOPMENT_TEAM = 8QMDCQHY5B;
				ENABLE_HARDENED_RUNTIME = NO;
				EXECUTABLE_NAME = "$(PRODUCT_NAME)";
				GENERATE_INFOPLIST_FILE = NO;
				INFOPLIST_FILE = "Config/FamilyRulesHelper-Info.plist";
				LD_RUNPATH_SEARCH_PATHS = (
					"$(inherited)",
					"@executable_path/../Frameworks",
					"@executable_path/../../Frameworks",
				);
				MACH_O_TYPE = mh_execute;
				MARKETING_VERSION = 0.1.0;
				PRODUCT_BUNDLE_IDENTIFIER = com.familyrules.agent.helper;
				PRODUCT_NAME = FamilyRulesHelper;
				PROVISIONING_PROFILE_SPECIFIER = "";
				SKIP_INSTALL = YES;
				SWIFT_EMIT_LOC_STRINGS = YES;
			};
			name = Debug;
		};
		A10014060000000000000001 /* Release */ = {
			isa = XCBuildConfiguration;
			buildSettings = {
				CODE_SIGN_ENTITLEMENTS = Config/FamilyRulesHelper.entitlements;
				CODE_SIGN_IDENTITY = "Apple Development";
				CODE_SIGN_STYLE = Automatic;
				CURRENT_PROJECT_VERSION = 1;
				DEVELOPMENT_TEAM = 8QMDCQHY5B;
				ENABLE_HARDENED_RUNTIME = NO;
				EXECUTABLE_NAME = "$(PRODUCT_NAME)";
				GENERATE_INFOPLIST_FILE = NO;
				INFOPLIST_FILE = "Config/FamilyRulesHelper-Info.plist";
				LD_RUNPATH_SEARCH_PATHS = (
					"$(inherited)",
					"@executable_path/../Frameworks",
					"@executable_path/../../Frameworks",
				);
				MACH_O_TYPE = mh_execute;
				MARKETING_VERSION = 0.1.0;
				PRODUCT_BUNDLE_IDENTIFIER = com.familyrules.agent.helper;
				PRODUCT_NAME = FamilyRulesHelper;
				PROVISIONING_PROFILE_SPECIFIER = "";
				SKIP_INSTALL = YES;
				SWIFT_EMIT_LOC_STRINGS = YES;
			};
			name = Release;
		};
		A10014070000000000000002 /* Debug */ = {
			isa = XCBuildConfiguration;
			buildSettings = {
				BUNDLE_LOADER = "$(TEST_HOST)";
				CODE_SIGN_STYLE = Automatic;
				CURRENT_PROJECT_VERSION = 1;
				DEVELOPMENT_TEAM = 8QMDCQHY5B;
				GENERATE_INFOPLIST_FILE = YES;
				INFOPLIST_KEY_CFBundleDisplayName = FamilyRulesAgentTests;
				LD_RUNPATH_SEARCH_PATHS = (
					"$(inherited)",
					"@executable_path/../Frameworks",
					"@loader_path/../Frameworks",
				);
				MACOSX_DEPLOYMENT_TARGET = 13.0;
				MARKETING_VERSION = 0.1.0;
				PRODUCT_BUNDLE_IDENTIFIER = com.familyrules.agent.tests;
				PRODUCT_NAME = "$(TARGET_NAME)";
				SWIFT_ACTIVE_COMPILATION_CONDITIONS = DEBUG;
				SWIFT_EMIT_LOC_STRINGS = NO;
				SWIFT_VERSION = 6.0;
				TARGETED_DEVICE_FAMILY = "1,2";
				TEST_HOST = "$(BUILT_PRODUCTS_DIR)/FamilyRulesAgent.app/$(BUNDLE_EXECUTABLE_FOLDER_PATH)/FamilyRulesAgent";
			};
			name = Debug;
		};
		A10014080000000000000002 /* Release */ = {
			isa = XCBuildConfiguration;
			buildSettings = {
				BUNDLE_LOADER = "$(TEST_HOST)";
				CODE_SIGN_STYLE = Automatic;
				CURRENT_PROJECT_VERSION = 1;
				DEVELOPMENT_TEAM = 8QMDCQHY5B;
				GENERATE_INFOPLIST_FILE = YES;
				INFOPLIST_KEY_CFBundleDisplayName = FamilyRulesAgentTests;
				LD_RUNPATH_SEARCH_PATHS = (
					"$(inherited)",
					"@executable_path/../Frameworks",
					"@loader_path/../Frameworks",
				);
				MACOSX_DEPLOYMENT_TARGET = 13.0;
				MARKETING_VERSION = 0.1.0;
				PRODUCT_BUNDLE_IDENTIFIER = com.familyrules.agent.tests;
				PRODUCT_NAME = "$(TARGET_NAME)";
				SWIFT_EMIT_LOC_STRINGS = NO;
				SWIFT_VERSION = 6.0;
				TARGETED_DEVICE_FAMILY = "1,2";
				TEST_HOST = "$(BUILT_PRODUCTS_DIR)/FamilyRulesAgent.app/$(BUNDLE_EXECUTABLE_FOLDER_PATH)/FamilyRulesAgent";
			};
			name = Release;
		};
/* End XCBuildConfiguration section */

/* Begin XCConfigurationList section */
		A10010010000000000000001 /* Build configuration list for PBXNativeTarget "FamilyRulesAgent" */ = {
			isa = XCConfigurationList;
			buildConfigurations = (
				A10014030000000000000001 /* Debug */,
				A10014040000000000000001 /* Release */,
			);
			defaultConfigurationIsVisible = 0;
			defaultConfigurationName = Release;
		};
		A10010020000000000000001 /* Build configuration list for PBXNativeTarget "FamilyRulesHelper" */ = {
			isa = XCConfigurationList;
			buildConfigurations = (
				A10014050000000000000001 /* Debug */,
				A10014060000000000000001 /* Release */,
			);
			defaultConfigurationIsVisible = 0;
			defaultConfigurationName = Release;
		};
		A10010030000000000000002 /* Build configuration list for PBXNativeTarget "FamilyRulesAgentTests" */ = {
			isa = XCConfigurationList;
			buildConfigurations = (
				A10014070000000000000002 /* Debug */,
				A10014080000000000000002 /* Release */,
			);
			defaultConfigurationIsVisible = 0;
			defaultConfigurationName = Release;
		};
		A10013010000000000000001 /* Build configuration list for PBXProject "FamilyRulesClient" */ = {
			isa = XCConfigurationList;
			buildConfigurations = (
				A10014010000000000000001 /* Debug */,
				A10014020000000000000001 /* Release */,
			);
			defaultConfigurationIsVisible = 0;
			defaultConfigurationName = Release;
		};
/* End XCConfigurationList section */
	};
	rootObject = A10004010000000000000001 /* Project object */;
}
